
Microsoft Visual Studio Solution File, Format Version 12.00
# Visual Studio 15
VisualStudioVersion = 15.0.28307.572
MinimumVisualStudioVersion = 10.0.40219.1
Project("{FAE04EC0-301F-11D3-BF4B-00C04F79EFBC}") = "Mic.Volo.MVCToDo", "Mic.Volo.MVCToDo\Mic.Volo.MVCToDo.csproj", "{78012F0D-482E-41F6-AE3D-83472894E607}"
EndProject
Global
	GlobalSection(SolutionConfigurationPlatforms) = preSolution
		Debug|Any CPU = Debug|Any CPU
		Release|Any CPU = Release|Any CPU
	EndGlobalSection
	GlobalSection(ProjectConfigurationPlatforms) = postSolution
		{78012F0D-482E-41F6-AE3D-83472894E607}.Debug|Any CPU.ActiveCfg = Debug|Any CPU
		{78012F0D-482E-41F6-AE3D-83472894E607}.Debug|Any CPU.Build.0 = Debug|Any CPU
		{78012F0D-482E-41F6-AE3D-83472894E607}.Release|Any CPU.ActiveCfg = Release|Any CPU
		{78012F0D-482E-41F6-AE3D-83472894E607}.Release|Any CPU.Build.0 = Release|Any CPU
	EndGlobalSection
	GlobalSection(SolutionProperties) = preSolution
		HideSolutionNode = FALSE
	EndGlobalSection
	GlobalSection(ExtensibilityGlobals) = postSolution
		SolutionGuid = {F3DAE127-05B6-4665-906F-45DD09DAD9E7}
	EndGlobalSection
EndGlobal
